
Microsoft Visual Studio Solution File, Format Version 12.00
# Visual Studio Version 16
VisualStudioVersion = 16.0.31129.286
MinimumVisualStudioVersion = 10.0.40219.1
Project("{9A19103F-16F7-4668-BE54-9A1E7A4F7556}") = "Orders.API", "Orders.API\Orders.API.csproj", "{6DCF605A-3F7C-42CE-9681-4AC58F77C926}"
EndProject
Project("{9A19103F-16F7-4668-BE54-9A1E7A4F7556}") = "Orders.Domain", "Orders.Domain\Orders.Domain.csproj", "{CDA95D65-39E4-4BBC-9C24-F624F953FC2B}"
EndProject
Project("{9A19103F-16F7-4668-BE54-9A1E7A4F7556}") = "Orders.Application", "Orders.Application\Orders.Application.csproj", "{E7BF1EA9-748A-4D78-812A-F5629F73E3B3}"
EndProject
Project("{9A19103F-16F7-4668-BE54-9A1E7A4F7556}") = "Orders.Infrastructure", "Orders.Infrastructure\Orders.Infrastructure.csproj", "{D4D6B5DF-8C32-4C3E-88CE-A035E05468C6}"
EndProject
Project("{9A19103F-16F7-4668-BE54-9A1E7A4F7556}") = "Orders.Payment", "Orders.Payment\Orders.Payment.csproj", "{9AB2363B-8E4B-4235-B81D-0CC74908D0E7}"
EndProject
Project("{FAE04EC0-301F-11D3-BF4B-00C04F79EFBC}") = "Orders.Tests", "Orders.Tests\Orders.Tests.csproj", "{6C6280DD-EC19-4EEF-89E1-F34094644453}"
EndProject
Global
	GlobalSection(SolutionConfigurationPlatforms) = preSolution
		Debug|Any CPU = Debug|Any CPU
		Release|Any CPU = Release|Any CPU
	EndGlobalSection
	GlobalSection(ProjectConfigurationPlatforms) = postSolution
		{6DCF605A-3F7C-42CE-9681-4AC58F77C926}.Debug|Any CPU.ActiveCfg = Debug|Any CPU
		{6DCF605A-3F7C-42CE-9681-4AC58F77C926}.Debug|Any CPU.Build.0 = Debug|Any CPU
		{6DCF605A-3F7C-42CE-9681-4AC58F77C926}.Release|Any CPU.ActiveCfg = Release|Any CPU
		{6DCF605A-3F7C-42CE-9681-4AC58F77C926}.Release|Any CPU.Build.0 = Release|Any CPU
		{CDA95D65-39E4-4BBC-9C24-F624F953FC2B}.Debug|Any CPU.ActiveCfg = Debug|Any CPU
		{CDA95D65-39E4-4BBC-9C24-F624F953FC2B}.Debug|Any CPU.Build.0 = Debug|Any CPU
		{CDA95D65-39E4-4BBC-9C24-F624F953FC2B}.Release|Any CPU.ActiveCfg = Release|Any CPU
		{CDA95D65-39E4-4BBC-9C24-F624F953FC2B}.Release|Any CPU.Build.0 = Release|Any CPU
		{E7BF1EA9-748A-4D78-812A-F5629F73E3B3}.Debug|Any CPU.ActiveCfg = Debug|Any CPU
		{E7BF1EA9-748A-4D78-812A-F5629F73E3B3}.Debug|Any CPU.Build.0 = Debug|Any CPU
		{E7BF1EA9-748A-4D78-812A-F5629F73E3B3}.Release|Any CPU.ActiveCfg = Release|Any CPU
		{E7BF1EA9-748A-4D78-812A-F5629F73E3B3}.Release|Any CPU.Build.0 = Release|Any CPU
		{D4D6B5DF-8C32-4C3E-88CE-A035E05468C6}.Debug|Any CPU.ActiveCfg = Debug|Any CPU
		{D4D6B5DF-8C32-4C3E-88CE-A035E05468C6}.Debug|Any CPU.Build.0 = Debug|Any CPU
		{D4D6B5DF-8C32-4C3E-88CE-A035E05468C6}.Release|Any CPU.ActiveCfg = Release|Any CPU
		{D4D6B5DF-8C32-4C3E-88CE-A035E05468C6}.Release|Any CPU.Build.0 = Release|Any CPU
		{9AB2363B-8E4B-4235-B81D-0CC74908D0E7}.Debug|Any CPU.ActiveCfg = Debug|Any CPU
		{9AB2363B-8E4B-4235-B81D-0CC74908D0E7}.Debug|Any CPU.Build.0 = Debug|Any CPU
		{9AB2363B-8E4B-4235-B81D-0CC74908D0E7}.Release|Any CPU.ActiveCfg = Release|Any CPU
		{9AB2363B-8E4B-4235-B81D-0CC74908D0E7}.Release|Any CPU.Build.0 = Release|Any CPU
		{6C6280DD-EC19-4EEF-89E1-F34094644453}.Debug|Any CPU.ActiveCfg = Debug|Any CPU
		{6C6280DD-EC19-4EEF-89E1-F34094644453}.Debug|Any CPU.Build.0 = Debug|Any CPU
		{6C6280DD-EC19-4EEF-89E1-F34094644453}.Release|Any CPU.ActiveCfg = Release|Any CPU
		{6C6280DD-EC19-4EEF-89E1-F34094644453}.Release|Any CPU.Build.0 = Release|Any CPU
	EndGlobalSection
	GlobalSection(SolutionProperties) = preSolution
		HideSolutionNode = FALSE
	EndGlobalSection
	GlobalSection(ExtensibilityGlobals) = postSolution
		SolutionGuid = {4923D4DC-542B-489B-88DE-2E7102957091}
	EndGlobalSection
EndGlobal
